
Microsoft Visual Studio Solution File, Format Version 12.00
# Visual Studio 14
VisualStudioVersion = 14.0.23107.0
MinimumVisualStudioVersion = 10.0.40219.1
Project("{FAE04EC0-301F-11D3-BF4B-00C04F79EFBC}") = "MVC", "MVC\MVC.csproj", "{E392CCB4-DCC5-47E8-B9F5-00027B251660}"
EndProject
Project("{FAE04EC0-301F-11D3-BF4B-00C04F79EFBC}") = "API", "API\API.csproj", "{B3229FEE-706B-486A-9343-F92D8CBD657F}"
EndProject
Project("{FAE04EC0-301F-11D3-BF4B-00C04F79EFBC}") = "Core", "Core\Core.csproj", "{03049E6D-866B-44D0-95CA-48E43AEBA13F}"
EndProject
Project("{FAE04EC0-301F-11D3-BF4B-00C04F79EFBC}") = "BusinessLogic", "BusinessLogic\BusinessLogic.csproj", "{0306B888-77C4-4253-B22E-D03888F54C43}"
EndProject
Project("{FAE04EC0-301F-11D3-BF4B-00C04F79EFBC}") = "Data", "Data\Data.csproj", "{D7B79C59-5EFA-4512-BB3E-F11A0614EFB2}"
EndProject
Project("{FAE04EC0-301F-11D3-BF4B-00C04F79EFBC}") = "Test", "Test\Test.csproj", "{AAD6E034-74CD-4F8F-AEBB-F1C6A97902C0}"
EndProject
Global
	GlobalSection(SolutionConfigurationPlatforms) = preSolution
		Debug|Any CPU = Debug|Any CPU
		Release|Any CPU = Release|Any CPU
	EndGlobalSection
	GlobalSection(ProjectConfigurationPlatforms) = postSolution
		{E392CCB4-DCC5-47E8-B9F5-00027B251660}.Debug|Any CPU.ActiveCfg = Debug|Any CPU
		{E392CCB4-DCC5-47E8-B9F5-00027B251660}.Debug|Any CPU.Build.0 = Debug|Any CPU
		{E392CCB4-DCC5-47E8-B9F5-00027B251660}.Release|Any CPU.ActiveCfg = Release|Any CPU
		{E392CCB4-DCC5-47E8-B9F5-00027B251660}.Release|Any CPU.Build.0 = Release|Any CPU
		{B3229FEE-706B-486A-9343-F92D8CBD657F}.Debug|Any CPU.ActiveCfg = Debug|Any CPU
		{B3229FEE-706B-486A-9343-F92D8CBD657F}.Debug|Any CPU.Build.0 = Debug|Any CPU
		{B3229FEE-706B-486A-9343-F92D8CBD657F}.Release|Any CPU.ActiveCfg = Release|Any CPU
		{B3229FEE-706B-486A-9343-F92D8CBD657F}.Release|Any CPU.Build.0 = Release|Any CPU
		{03049E6D-866B-44D0-95CA-48E43AEBA13F}.Debug|Any CPU.ActiveCfg = Debug|Any CPU
		{03049E6D-866B-44D0-95CA-48E43AEBA13F}.Debug|Any CPU.Build.0 = Debug|Any CPU
		{03049E6D-866B-44D0-95CA-48E43AEBA13F}.Release|Any CPU.ActiveCfg = Release|Any CPU
		{03049E6D-866B-44D0-95CA-48E43AEBA13F}.Release|Any CPU.Build.0 = Release|Any CPU
		{0306B888-77C4-4253-B22E-D03888F54C43}.Debug|Any CPU.ActiveCfg = Debug|Any CPU
		{0306B888-77C4-4253-B22E-D03888F54C43}.Debug|Any CPU.Build.0 = Debug|Any CPU
		{0306B888-77C4-4253-B22E-D03888F54C43}.Release|Any CPU.ActiveCfg = Release|Any CPU
		{0306B888-77C4-4253-B22E-D03888F54C43}.Release|Any CPU.Build.0 = Release|Any CPU
		{D7B79C59-5EFA-4512-BB3E-F11A0614EFB2}.Debug|Any CPU.ActiveCfg = Debug|Any CPU
		{D7B79C59-5EFA-4512-BB3E-F11A0614EFB2}.Debug|Any CPU.Build.0 = Debug|Any CPU
		{D7B79C59-5EFA-4512-BB3E-F11A0614EFB2}.Release|Any CPU.ActiveCfg = Release|Any CPU
		{D7B79C59-5EFA-4512-BB3E-F11A0614EFB2}.Release|Any CPU.Build.0 = Release|Any CPU
		{AAD6E034-74CD-4F8F-AEBB-F1C6A97902C0}.Debug|Any CPU.ActiveCfg = Debug|Any CPU
		{AAD6E034-74CD-4F8F-AEBB-F1C6A97902C0}.Debug|Any CPU.Build.0 = Debug|Any CPU
		{AAD6E034-74CD-4F8F-AEBB-F1C6A97902C0}.Release|Any CPU.ActiveCfg = Release|Any CPU
		{AAD6E034-74CD-4F8F-AEBB-F1C6A97902C0}.Release|Any CPU.Build.0 = Release|Any CPU
	EndGlobalSection
	GlobalSection(SolutionProperties) = preSolution
		HideSolutionNode = FALSE
	EndGlobalSection
EndGlobal
